dependencies:
- name: auth-service
  repository: file://subcharts/auth-service
  version: 0.1.0
- name: customer-service
  repository: file://subcharts/customer-service
  version: 0.1.0
- name: notification-service
  repository: file://subcharts/notification-service
  version: 0.1.0
- name: billing-service
  repository: file://subcharts/billing-service
  version: 0.1.0
- name: order-service
  repository: file://subcharts/order-service
  version: 0.1.0
- name: warehouse-service
  repository: file://subcharts/warehouse-service
  version: 0.1.0
- name: delivery-service
  repository: file://subcharts/delivery-service
  version: 0.1.0
digest: sha256:3bdab83069317b1940c6b456fa0c0afb6e0aa288d3164d8864a7c4e5fa8edae1
generated: "2026-05-27T15:16:02.941012508+03:00"
