dependencies:
- name: auth-service
  repository: file://subcharts/auth-service
  version: 0.1.0
- name: customer-service
  repository: file://subcharts/customer-service
  version: 0.1.0
- name: notification-service
  repository: file://subcharts/notification-service
  version: 0.1.0
- name: billing-service
  repository: file://subcharts/billing-service
  version: 0.1.0
- name: order-service
  repository: file://subcharts/order-service
  version: 0.1.0
- name: warehouse-service
  repository: file://subcharts/warehouse-service
  version: 0.1.0
digest: sha256:7466e8f6511174dd3771e62e679be2d30d0d0f7d31a70a02383e484a19500d6d
generated: "2026-05-26T18:50:19.983417439+03:00"
